
Microsoft Visual Studio Solution File, Format Version 12.00
# Visual Studio Version 17
VisualStudioVersion = 17.4.33122.133
MinimumVisualStudioVersion = 10.0.40219.1
Project("{FAE04EC0-301F-11D3-BF4B-00C04F79EFBC}") = "examen_backend_AbrahamHernandezGonzalez", "examen_backend_AbrahamHernandezGonzalez\examen_backend_AbrahamHernandezGonzalez.csproj", "{7D3099BE-2DA3-477E-9440-21B05E3D9464}"
EndProject
Global
	GlobalSection(SolutionConfigurationPlatforms) = preSolution
		Debug|Any CPU = Debug|Any CPU
		Release|Any CPU = Release|Any CPU
	EndGlobalSection
	GlobalSection(ProjectConfigurationPlatforms) = postSolution
		{7D3099BE-2DA3-477E-9440-21B05E3D9464}.Debug|Any CPU.ActiveCfg = Debug|Any CPU
		{7D3099BE-2DA3-477E-9440-21B05E3D9464}.Debug|Any CPU.Build.0 = Debug|Any CPU
		{7D3099BE-2DA3-477E-9440-21B05E3D9464}.Release|Any CPU.ActiveCfg = Release|Any CPU
		{7D3099BE-2DA3-477E-9440-21B05E3D9464}.Release|Any CPU.Build.0 = Release|Any CPU
	EndGlobalSection
	GlobalSection(SolutionProperties) = preSolution
		HideSolutionNode = FALSE
	EndGlobalSection
	GlobalSection(ExtensibilityGlobals) = postSolution
		SolutionGuid = {78315646-05F4-44BD-AF7F-DFBF7738E2C1}
	EndGlobalSection
EndGlobal
